
Microsoft Visual Studio Solution File, Format Version 12.00
# Visual Studio Version 17
VisualStudioVersion = 17.6.33513.286
MinimumVisualStudioVersion = 10.0.40219.1
Project("{54A90642-561A-4BB1-A94E-469ADEE60C69}") = "Client", "Client\Client.esproj", "{ADD8F800-8D0E-40A6-9C68-38249299474A}"
	ProjectSection(ProjectDependencies) = postProject
		{61920AE4-D5B0-4204-AEC4-3B67DB1A45E3} = {61920AE4-D5B0-4204-AEC4-3B67DB1A45E3}
	EndProjectSection
EndProject
Project("{FAE04EC0-301F-11D3-BF4B-00C04F79EFBC}") = "WebAPI", "WebAPI\WebAPI.csproj", "{61920AE4-D5B0-4204-AEC4-3B67DB1A45E3}"
EndProject
Global
	GlobalSection(SolutionConfigurationPlatforms) = preSolution
		Debug|Any CPU = Debug|Any CPU
		Release|Any CPU = Release|Any CPU
	EndGlobalSection
	GlobalSection(ProjectConfigurationPlatforms) = postSolution
		{ADD8F800-8D0E-40A6-9C68-38249299474A}.Debug|Any CPU.ActiveCfg = Debug|Any CPU
		{ADD8F800-8D0E-40A6-9C68-38249299474A}.Debug|Any CPU.Build.0 = Debug|Any CPU
		{ADD8F800-8D0E-40A6-9C68-38249299474A}.Debug|Any CPU.Deploy.0 = Debug|Any CPU
		{ADD8F800-8D0E-40A6-9C68-38249299474A}.Release|Any CPU.ActiveCfg = Release|Any CPU
		{ADD8F800-8D0E-40A6-9C68-38249299474A}.Release|Any CPU.Build.0 = Release|Any CPU
		{ADD8F800-8D0E-40A6-9C68-38249299474A}.Release|Any CPU.Deploy.0 = Release|Any CPU
		{61920AE4-D5B0-4204-AEC4-3B67DB1A45E3}.Debug|Any CPU.ActiveCfg = Debug|Any CPU
		{61920AE4-D5B0-4204-AEC4-3B67DB1A45E3}.Debug|Any CPU.Build.0 = Debug|Any CPU
		{61920AE4-D5B0-4204-AEC4-3B67DB1A45E3}.Release|Any CPU.ActiveCfg = Release|Any CPU
		{61920AE4-D5B0-4204-AEC4-3B67DB1A45E3}.Release|Any CPU.Build.0 = Release|Any CPU
	EndGlobalSection
	GlobalSection(SolutionProperties) = preSolution
		HideSolutionNode = FALSE
	EndGlobalSection
	GlobalSection(ExtensibilityGlobals) = postSolution
		SolutionGuid = {8B123DF8-418E-4763-ADD2-7593288941FE}
	EndGlobalSection
EndGlobal
